<?xml version="1.0" encoding="UTF-8" standalone="yes" ?>
<CodeBlocks_project_file>
	<FileVersion major="1" minor="6" />
	<Project>
		<Option title="montador" />
		<Option pch_mode="2" />
		<Option compiler="gcc" />
		<Build>
			<Target title="Debug">
				<Option output="bin/Debug/montador" prefix_auto="1" extension_auto="1" />
				<Option object_output="obj/Debug/" />
				<Option type="1" />
				<Option compiler="gcc" />
				<Compiler>
					<Add option="-g" />
				</Compiler>
			</Target>
			<Target title="Release">
				<Option output="bin/Release/montador" prefix_auto="1" extension_auto="1" />
				<Option object_output="obj/Release/" />
				<Option type="1" />
				<Option compiler="gcc" />
				<Compiler>
					<Add option="-O2" />
				</Compiler>
				<Linker>
					<Add option="-s" />
				</Linker>
			</Target>
		</Build>
		<Compiler>
			<Add option="-Wall" />
			<Add option="-fexceptions" />
		</Compiler>
		<Unit filename="AssemblyLine.cpp" />
		<Unit filename="AssemblyLine.h" />
		<Unit filename="InstructionTable.cpp" />
		<Unit filename="InstructionTable.h" />
		<Unit filename="Macro.cpp" />
		<Unit filename="Macro.h" />
		<Unit filename="MacroTable.cpp" />
		<Unit filename="MacroTable.h" />
		<Unit filename="SymbolTable.cpp" />
		<Unit filename="SymbolTable.h" />
		<Unit filename="montador.cpp" />
		<Unit filename="testes/teste_divisivel.mcr">
			<Option target="Debug" />
		</Unit>
		<Unit filename="testes/teste_erro_1.asm">
			<Option target="Debug" />
		</Unit>
		<Unit filename="testes/teste_erro_2.asm">
			<Option target="Debug" />
		</Unit>
		<Unit filename="testes/teste_erro_3.asm">
			<Option target="Debug" />
		</Unit>
		<Unit filename="testes/teste_erro_4.asm">
			<Option target="Debug" />
		</Unit>
		<Unit filename="testes/teste_erro_5.mcr">
			<Option target="Debug" />
		</Unit>
		<Unit filename="testes/teste_erro_6.asm">
			<Option target="Debug" />
		</Unit>
		<Unit filename="testes/teste_fatorial.asm">
			<Option target="Debug" />
		</Unit>
		<Unit filename="testes/teste_fib.asm">
			<Option target="Debug" />
		</Unit>
		<Unit filename="testes/teste_mdc.asm">
			<Option target="Debug" />
		</Unit>
		<Unit filename="testes/teste_media.asm">
			<Option target="Debug" />
		</Unit>
		<Unit filename="testes/teste_ortogonal.mcr">
			<Option target="Debug" />
		</Unit>
		<Unit filename="testes/teste_par.asm">
			<Option target="Debug" />
		</Unit>
		<Unit filename="testes/teste_pow.asm">
			<Option target="Debug" />
		</Unit>
		<Unit filename="testes/teste_sqrt.asm">
			<Option target="Debug" />
		</Unit>
		<Extensions>
			<lib_finder disable_auto="1" />
		</Extensions>
	</Project>
</CodeBlocks_project_file>
